
Microsoft Visual Studio Solution File, Format Version 12.00
# Visual Studio Version 16
VisualStudioVersion = 16.0.31424.327
MinimumVisualStudioVersion = 10.0.40219.1
Project("{FAE04EC0-301F-11D3-BF4B-00C04F79EFBC}") = "RPGGyakorlo", "RPGGyakorlo\RPGGyakorlo.csproj", "{C0C4925B-F835-4BCC-84D2-5CE470331D85}"
EndProject
Global
	GlobalSection(SolutionConfigurationPlatforms) = preSolution
		Debug|Any CPU = Debug|Any CPU
		Release|Any CPU = Release|Any CPU
	EndGlobalSection
	GlobalSection(ProjectConfigurationPlatforms) = postSolution
		{C0C4925B-F835-4BCC-84D2-5CE470331D85}.Debug|Any CPU.ActiveCfg = Debug|Any CPU
		{C0C4925B-F835-4BCC-84D2-5CE470331D85}.Debug|Any CPU.Build.0 = Debug|Any CPU
		{C0C4925B-F835-4BCC-84D2-5CE470331D85}.Release|Any CPU.ActiveCfg = Release|Any CPU
		{C0C4925B-F835-4BCC-84D2-5CE470331D85}.Release|Any CPU.Build.0 = Release|Any CPU
	EndGlobalSection
	GlobalSection(SolutionProperties) = preSolution
		HideSolutionNode = FALSE
	EndGlobalSection
	GlobalSection(ExtensibilityGlobals) = postSolution
		SolutionGuid = {59595856-F0DC-41D0-930F-0BDC86E7E451}
	EndGlobalSection
EndGlobal
